{
  "object": {
    "pins": [
      {
        "package": "Quick",
        "repositoryURL": "https://github.com/oscbyspro/Quick",
        "state": {
          "branch": "main",
          "revision": "8a60fdedd205e1d7ae94c141c3c1bd9ac945f284",
          "version": null
        }
      },
      {
        "package": "QuickText",
        "repositoryURL": "https://github.com/oscbyspro/QuickText",
        "state": {
          "branch": "main",
          "revision": "35a2e5b1c4e01ab28681729644f19239497deaf3",
          "version": null
        }
      }
    ]
  },
  "version": 1
}
