{
  "object": {
    "pins": [
      {
        "package": "Quick",
        "repositoryURL": "https://github.com/oscbyspro/Quick",
        "state": {
          "branch": "main",
          "revision": "ef39da60be55eb0817cb1c53b6e54a029458e0ce",
          "version": null
        }
      },
      {
        "package": "QuickText",
        "repositoryURL": "https://github.com/oscbyspro/QuickText",
        "state": {
          "branch": "main",
          "revision": "bc88d3d6fc9e00795faf6c66af8f3cf3e09ef5cb",
          "version": null
        }
      }
    ]
  },
  "version": 1
}
