{
  "object": {
    "pins": [
      {
        "package": "DiffableTextViews",
        "repositoryURL": "https://github.com/oscbyspro/DiffableTextViews",
        "state": {
          "branch": "main",
          "revision": "4e9c7acba2b5b0bf9028b13ec34f16c40c0e8d48",
          "version": null
        }
      }
    ]
  },
  "version": 1
}
