// !$*UTF8*$!
{
	archiveVersion = 1;
	classes = {
	};
	objectVersion = 55;
	objects = {

/* Begin PBXBuildFile section */
		5507BD1427AD620900F5292D /* Segments.swift in Sources */ = {isa = PBXBuildFile; fileRef = 5507BD1327AD620900F5292D /* Segments.swift */; };
		5507BD1627AD66A800F5292D /* Wheel.swift in Sources */ = {isa = PBXBuildFile; fileRef = 5507BD1527AD66A800F5292D /* Wheel.swift */; };
		5527C21327AA6C6A0098546E /* Interval.swift in Sources */ = {isa = PBXBuildFile; fileRef = 5527C21227AA6C6A0098546E /* Interval.swift */; };
		55781F2D27AD39B0003D4252 /* Scroller.swift in Sources */ = {isa = PBXBuildFile; fileRef = 55781F2C27AD39B0003D4252 /* Scroller.swift */; };
		55781F3127AD4500003D4252 /* Storage.swift in Sources */ = {isa = PBXBuildFile; fileRef = 55781F3027AD4500003D4252 /* Storage.swift */; };
		557DAF1D27BA415500D9F0E5 /* PatternScreenExamples.swift in Sources */ = {isa = PBXBuildFile; fileRef = 557DAF1C27BA415500D9F0E5 /* PatternScreenExamples.swift */; };
		557DAF2127BA493200D9F0E5 /* Action.swift in Sources */ = {isa = PBXBuildFile; fileRef = 557DAF2027BA493200D9F0E5 /* Action.swift */; };
		557DAF2327BA4AE600D9F0E5 /* PatternScreenActions.swift in Sources */ = {isa = PBXBuildFile; fileRef = 557DAF2227BA4AE600D9F0E5 /* PatternScreenActions.swift */; };
		557F7FBB27A81171001908D6 /* DiffableTextViews in Frameworks */ = {isa = PBXBuildFile; productRef = 557F7FBA27A81171001908D6 /* DiffableTextViews */; };
		5589A1A427A7E3E30000F04A /* App.swift in Sources */ = {isa = PBXBuildFile; fileRef = 5589A1A327A7E3E30000F04A /* App.swift */; };
		5589A1A827A7E3E40000F04A /* Assets.xcassets in Resources */ = {isa = PBXBuildFile; fileRef = 5589A1A727A7E3E40000F04A /* Assets.xcassets */; };
		5589A1AB27A7E3E40000F04A /* Preview Assets.xcassets in Resources */ = {isa = PBXBuildFile; fileRef = 5589A1AA27A7E3E40000F04A /* Preview Assets.xcassets */; };
		55AA28C327A7ED4F003778FE /* Screen.swift in Sources */ = {isa = PBXBuildFile; fileRef = 55A85FF627A7E850006CCCB7 /* Screen.swift */; };
		55AA28CE27A7F472003778FE /* Tabs.swift in Sources */ = {isa = PBXBuildFile; fileRef = 55AA28CD27A7F472003778FE /* Tabs.swift */; };
		55DDC62C27A8D81D00B2AB4A /* Example.swift in Sources */ = {isa = PBXBuildFile; fileRef = 55DDC62B27A8D81D00B2AB4A /* Example.swift */; };
		55E505C427AD4BA20047AF1D /* Bounds.swift in Sources */ = {isa = PBXBuildFile; fileRef = 55E505C327AD4BA20047AF1D /* Bounds.swift */; };
		55F2783927AD7C1C001400D7 /* PatternScreen.swift in Sources */ = {isa = PBXBuildFile; fileRef = 55F2783627AD7C1C001400D7 /* PatternScreen.swift */; };
		55F2783A27AD7C1C001400D7 /* NumericScreen.swift in Sources */ = {isa = PBXBuildFile; fileRef = 55F2783827AD7C1C001400D7 /* NumericScreen.swift */; };
		55F2783C27AD7C39001400D7 /* NumericScreenWheels.swift in Sources */ = {isa = PBXBuildFile; fileRef = 55F2783B27AD7C39001400D7 /* NumericScreenWheels.swift */; };
		55FBD48A27C3E6010080F43E /* Sliders in Frameworks */ = {isa = PBXBuildFile; productRef = 55FBD48927C3E6010080F43E /* Sliders */; };
		55FD23C727BA0335008F65E1 /* PatternScreenContext.swift in Sources */ = {isa = PBXBuildFile; fileRef = 55FD23C627BA0335008F65E1 /* PatternScreenContext.swift */; };
		55FD23C927BA1191008F65E1 /* Source.swift in Sources */ = {isa = PBXBuildFile; fileRef = 55FD23C827BA1191008F65E1 /* Source.swift */; };
		55FD23CB27BA17C7008F65E1 /* PatternScreenExample.swift in Sources */ = {isa = PBXBuildFile; fileRef = 55FD23CA27BA17C7008F65E1 /* PatternScreenExample.swift */; };
		55FD23CD27BA1A4B008F65E1 /* PatternScreenVisibility.swift in Sources */ = {isa = PBXBuildFile; fileRef = 55FD23CC27BA1A4B008F65E1 /* PatternScreenVisibility.swift */; };
		55FD23CF27BA1E20008F65E1 /* NumericScreenContext.swift in Sources */ = {isa = PBXBuildFile; fileRef = 55FD23CE27BA1E20008F65E1 /* NumericScreenContext.swift */; };
		55FD23D127BA2028008F65E1 /* NumericScreenSliders.swift in Sources */ = {isa = PBXBuildFile; fileRef = 55FD23D027BA2028008F65E1 /* NumericScreenSliders.swift */; };
		55FD23D327BA232F008F65E1 /* NumericScreenExample.swift in Sources */ = {isa = PBXBuildFile; fileRef = 55FD23D227BA232F008F65E1 /* NumericScreenExample.swift */; };
		55FD23D527BA28B8008F65E1 /* NumericScreenExamples.swift in Sources */ = {isa = PBXBuildFile; fileRef = 55FD23D427BA28B8008F65E1 /* NumericScreenExamples.swift */; };
/* End PBXBuildFile section */

/* Begin PBXFileReference section */
		5507BD1327AD620900F5292D /* Segments.swift */ = {isa = PBXFileReference; lastKnownFileType = sourcecode.swift; path = Segments.swift; sourceTree = "<group>"; };
		5507BD1527AD66A800F5292D /* Wheel.swift */ = {isa = PBXFileReference; fileEncoding = 4; lastKnownFileType = sourcecode.swift; path = Wheel.swift; sourceTree = "<group>"; };
		5527C21227AA6C6A0098546E /* Interval.swift */ = {isa = PBXFileReference; lastKnownFileType = sourcecode.swift; path = Interval.swift; sourceTree = "<group>"; };
		55781F2C27AD39B0003D4252 /* Scroller.swift */ = {isa = PBXFileReference; lastKnownFileType = sourcecode.swift; path = Scroller.swift; sourceTree = "<group>"; };
		55781F3027AD4500003D4252 /* Storage.swift */ = {isa = PBXFileReference; lastKnownFileType = sourcecode.swift; path = Storage.swift; sourceTree = "<group>"; };
		557DAF1C27BA415500D9F0E5 /* PatternScreenExamples.swift */ = {isa = PBXFileReference; lastKnownFileType = sourcecode.swift; path = PatternScreenExamples.swift; sourceTree = "<group>"; };
		557DAF2027BA493200D9F0E5 /* Action.swift */ = {isa = PBXFileReference; lastKnownFileType = sourcecode.swift; path = Action.swift; sourceTree = "<group>"; };
		557DAF2227BA4AE600D9F0E5 /* PatternScreenActions.swift */ = {isa = PBXFileReference; lastKnownFileType = sourcecode.swift; path = PatternScreenActions.swift; sourceTree = "<group>"; };
		557F7FB927A81116001908D6 /* DiffableTextViews */ = {isa = PBXFileReference; lastKnownFileType = wrapper; name = DiffableTextViews; path = ../..; sourceTree = "<group>"; };
		5589A1A027A7E3E30000F04A /* iOS.app */ = {isa = PBXFileReference; explicitFileType = wrapper.application; includeInIndex = 0; path = iOS.app; sourceTree = BUILT_PRODUCTS_DIR; };
		5589A1A327A7E3E30000F04A /* App.swift */ = {isa = PBXFileReference; lastKnownFileType = sourcecode.swift; path = App.swift; sourceTree = "<group>"; };
		5589A1A727A7E3E40000F04A /* Assets.xcassets */ = {isa = PBXFileReference; lastKnownFileType = folder.assetcatalog; path = Assets.xcassets; sourceTree = "<group>"; };
		5589A1AA27A7E3E40000F04A /* Preview Assets.xcassets */ = {isa = PBXFileReference; lastKnownFileType = folder.assetcatalog; path = "Preview Assets.xcassets"; sourceTree = "<group>"; };
		55A85FF627A7E850006CCCB7 /* Screen.swift */ = {isa = PBXFileReference; lastKnownFileType = sourcecode.swift; path = Screen.swift; sourceTree = "<group>"; };
		55AA28CD27A7F472003778FE /* Tabs.swift */ = {isa = PBXFileReference; lastKnownFileType = sourcecode.swift; path = Tabs.swift; sourceTree = "<group>"; };
		55DDC62B27A8D81D00B2AB4A /* Example.swift */ = {isa = PBXFileReference; lastKnownFileType = sourcecode.swift; path = Example.swift; sourceTree = "<group>"; };
		55E505C327AD4BA20047AF1D /* Bounds.swift */ = {isa = PBXFileReference; lastKnownFileType = sourcecode.swift; path = Bounds.swift; sourceTree = "<group>"; };
		55F2783627AD7C1C001400D7 /* PatternScreen.swift */ = {isa = PBXFileReference; fileEncoding = 4; lastKnownFileType = sourcecode.swift; path = PatternScreen.swift; sourceTree = "<group>"; };
		55F2783827AD7C1C001400D7 /* NumericScreen.swift */ = {isa = PBXFileReference; fileEncoding = 4; lastKnownFileType = sourcecode.swift; path = NumericScreen.swift; sourceTree = "<group>"; };
		55F2783B27AD7C39001400D7 /* NumericScreenWheels.swift */ = {isa = PBXFileReference; lastKnownFileType = sourcecode.swift; path = NumericScreenWheels.swift; sourceTree = "<group>"; };
		55FBD48827C3E54B0080F43E /* Sliders */ = {isa = PBXFileReference; lastKnownFileType = wrapper; name = Sliders; path = Modules/Sliders; sourceTree = "<group>"; };
		55FD23C627BA0335008F65E1 /* PatternScreenContext.swift */ = {isa = PBXFileReference; lastKnownFileType = sourcecode.swift; path = PatternScreenContext.swift; sourceTree = "<group>"; };
		55FD23C827BA1191008F65E1 /* Source.swift */ = {isa = PBXFileReference; lastKnownFileType = sourcecode.swift; path = Source.swift; sourceTree = "<group>"; };
		55FD23CA27BA17C7008F65E1 /* PatternScreenExample.swift */ = {isa = PBXFileReference; lastKnownFileType = sourcecode.swift; path = PatternScreenExample.swift; sourceTree = "<group>"; };
		55FD23CC27BA1A4B008F65E1 /* PatternScreenVisibility.swift */ = {isa = PBXFileReference; lastKnownFileType = sourcecode.swift; path = PatternScreenVisibility.swift; sourceTree = "<group>"; };
		55FD23CE27BA1E20008F65E1 /* NumericScreenContext.swift */ = {isa = PBXFileReference; lastKnownFileType = sourcecode.swift; path = NumericScreenContext.swift; sourceTree = "<group>"; };
		55FD23D027BA2028008F65E1 /* NumericScreenSliders.swift */ = {isa = PBXFileReference; lastKnownFileType = sourcecode.swift; path = NumericScreenSliders.swift; sourceTree = "<group>"; };
		55FD23D227BA232F008F65E1 /* NumericScreenExample.swift */ = {isa = PBXFileReference; lastKnownFileType = sourcecode.swift; path = NumericScreenExample.swift; sourceTree = "<group>"; };
		55FD23D427BA28B8008F65E1 /* NumericScreenExamples.swift */ = {isa = PBXFileReference; lastKnownFileType = sourcecode.swift; path = NumericScreenExamples.swift; sourceTree = "<group>"; };
/* End PBXFileReference section */

/* Begin PBXFrameworksBuildPhase section */
		5589A19D27A7E3E30000F04A /* Frameworks */ = {
			isa = PBXFrameworksBuildPhase;
			buildActionMask = 2147483647;
			files = (
				557F7FBB27A81171001908D6 /* DiffableTextViews in Frameworks */,
				55FBD48A27C3E6010080F43E /* Sliders in Frameworks */,
			);
			runOnlyForDeploymentPostprocessing = 0;
		};
/* End PBXFrameworksBuildPhase section */

/* Begin PBXGroup section */
		5507BD1227AD614900F5292D /* Pickers */ = {
			isa = PBXGroup;
			children = (
				5507BD1327AD620900F5292D /* Segments.swift */,
				5507BD1527AD66A800F5292D /* Wheel.swift */,
			);
			path = Pickers;
			sourceTree = "<group>";
		};
		557F7FB827A81116001908D6 /* Packages */ = {
			isa = PBXGroup;
			children = (
				557F7FB927A81116001908D6 /* DiffableTextViews */,
				55FBD48827C3E54B0080F43E /* Sliders */,
			);
			name = Packages;
			sourceTree = "<group>";
		};
		5589A19727A7E3E30000F04A = {
			isa = PBXGroup;
			children = (
				557F7FB827A81116001908D6 /* Packages */,
				5589A1A227A7E3E30000F04A /* App */,
				5589A1A127A7E3E30000F04A /* Products */,
				55AA28C427A7ED78003778FE /* Frameworks */,
			);
			sourceTree = "<group>";
		};
		5589A1A127A7E3E30000F04A /* Products */ = {
			isa = PBXGroup;
			children = (
				5589A1A027A7E3E30000F04A /* iOS.app */,
			);
			name = Products;
			sourceTree = "<group>";
		};
		5589A1A227A7E3E30000F04A /* App */ = {
			isa = PBXGroup;
			children = (
				55F6F58627A7E53300BA26AB /* Assets */,
				55B8ABAB27AAAB9E00980626 /* Models */,
				55AA28D127A802AF003778FE /* Routers */,
				55A85FFC27A7E87C006CCCB7 /* Screens */,
				55A85FF327A7E826006CCCB7 /* Views */,
				5589A1A327A7E3E30000F04A /* App.swift */,
			);
			path = App;
			sourceTree = "<group>";
		};
		5589A1A927A7E3E40000F04A /* Preview Content */ = {
			isa = PBXGroup;
			children = (
				5589A1AA27A7E3E40000F04A /* Preview Assets.xcassets */,
			);
			path = "Preview Content";
			sourceTree = "<group>";
		};
		55A85FF327A7E826006CCCB7 /* Views */ = {
			isa = PBXGroup;
			children = (
				5507BD1227AD614900F5292D /* Pickers */,
				55A85FF627A7E850006CCCB7 /* Screen.swift */,
				55781F2C27AD39B0003D4252 /* Scroller.swift */,
				55E505C327AD4BA20047AF1D /* Bounds.swift */,
				55DDC62B27A8D81D00B2AB4A /* Example.swift */,
				557DAF2027BA493200D9F0E5 /* Action.swift */,
			);
			path = Views;
			sourceTree = "<group>";
		};
		55A85FFC27A7E87C006CCCB7 /* Screens */ = {
			isa = PBXGroup;
			children = (
				55F2783727AD7C1C001400D7 /* Numeric */,
				55F2783527AD7C1C001400D7 /* Pattern */,
			);
			path = Screens;
			sourceTree = "<group>";
		};
		55AA28C427A7ED78003778FE /* Frameworks */ = {
			isa = PBXGroup;
			children = (
			);
			name = Frameworks;
			sourceTree = "<group>";
		};
		55AA28D127A802AF003778FE /* Routers */ = {
			isa = PBXGroup;
			children = (
				55AA28CD27A7F472003778FE /* Tabs.swift */,
			);
			path = Routers;
			sourceTree = "<group>";
		};
		55B8ABAB27AAAB9E00980626 /* Models */ = {
			isa = PBXGroup;
			children = (
				5527C21227AA6C6A0098546E /* Interval.swift */,
				55781F3027AD4500003D4252 /* Storage.swift */,
				55FD23C827BA1191008F65E1 /* Source.swift */,
			);
			path = Models;
			sourceTree = "<group>";
		};
		55F2783527AD7C1C001400D7 /* Pattern */ = {
			isa = PBXGroup;
			children = (
				55F2783627AD7C1C001400D7 /* PatternScreen.swift */,
				557DAF2227BA4AE600D9F0E5 /* PatternScreenActions.swift */,
				55FD23C627BA0335008F65E1 /* PatternScreenContext.swift */,
				55FD23CC27BA1A4B008F65E1 /* PatternScreenVisibility.swift */,
				55FD23CA27BA17C7008F65E1 /* PatternScreenExample.swift */,
				557DAF1C27BA415500D9F0E5 /* PatternScreenExamples.swift */,
			);
			path = Pattern;
			sourceTree = "<group>";
		};
		55F2783727AD7C1C001400D7 /* Numeric */ = {
			isa = PBXGroup;
			children = (
				55F2783827AD7C1C001400D7 /* NumericScreen.swift */,
				55FD23CE27BA1E20008F65E1 /* NumericScreenContext.swift */,
				55FD23D227BA232F008F65E1 /* NumericScreenExample.swift */,
				55FD23D427BA28B8008F65E1 /* NumericScreenExamples.swift */,
				55FD23D027BA2028008F65E1 /* NumericScreenSliders.swift */,
				55F2783B27AD7C39001400D7 /* NumericScreenWheels.swift */,
			);
			path = Numeric;
			sourceTree = "<group>";
		};
		55F6F58627A7E53300BA26AB /* Assets */ = {
			isa = PBXGroup;
			children = (
				5589A1A727A7E3E40000F04A /* Assets.xcassets */,
				5589A1A927A7E3E40000F04A /* Preview Content */,
			);
			path = Assets;
			sourceTree = "<group>";
		};
/* End PBXGroup section */

/* Begin PBXNativeTarget section */
		5589A19F27A7E3E30000F04A /* iOS */ = {
			isa = PBXNativeTarget;
			buildConfigurationList = 5589A1AE27A7E3E40000F04A /* Build configuration list for PBXNativeTarget "iOS" */;
			buildPhases = (
				5589A19C27A7E3E30000F04A /* Sources */,
				5589A19D27A7E3E30000F04A /* Frameworks */,
				5589A19E27A7E3E30000F04A /* Resources */,
			);
			buildRules = (
			);
			dependencies = (
			);
			name = iOS;
			packageProductDependencies = (
				557F7FBA27A81171001908D6 /* DiffableTextViews */,
				55FBD48927C3E6010080F43E /* Sliders */,
			);
			productName = iOS;
			productReference = 5589A1A027A7E3E30000F04A /* iOS.app */;
			productType = "com.apple.product-type.application";
		};
/* End PBXNativeTarget section */

/* Begin PBXProject section */
		5589A19827A7E3E30000F04A /* Project object */ = {
			isa = PBXProject;
			attributes = {
				BuildIndependentTargetsInParallel = 1;
				LastSwiftUpdateCheck = 1320;
				LastUpgradeCheck = 1320;
				TargetAttributes = {
					5589A19F27A7E3E30000F04A = {
						CreatedOnToolsVersion = 13.2;
					};
				};
			};
			buildConfigurationList = 5589A19B27A7E3E30000F04A /* Build configuration list for PBXProject "iOS" */;
			compatibilityVersion = "Xcode 13.0";
			developmentRegion = en;
			hasScannedForEncodings = 0;
			knownRegions = (
				en,
				Base,
			);
			mainGroup = 5589A19727A7E3E30000F04A;
			packageReferences = (
			);
			productRefGroup = 5589A1A127A7E3E30000F04A /* Products */;
			projectDirPath = "";
			projectRoot = "";
			targets = (
				5589A19F27A7E3E30000F04A /* iOS */,
			);
		};
/* End PBXProject section */

/* Begin PBXResourcesBuildPhase section */
		5589A19E27A7E3E30000F04A /* Resources */ = {
			isa = PBXResourcesBuildPhase;
			buildActionMask = 2147483647;
			files = (
				5589A1AB27A7E3E40000F04A /* Preview Assets.xcassets in Resources */,
				5589A1A827A7E3E40000F04A /* Assets.xcassets in Resources */,
			);
			runOnlyForDeploymentPostprocessing = 0;
		};
/* End PBXResourcesBuildPhase section */

/* Begin PBXSourcesBuildPhase section */
		5589A19C27A7E3E30000F04A /* Sources */ = {
			isa = PBXSourcesBuildPhase;
			buildActionMask = 2147483647;
			files = (
				55AA28C327A7ED4F003778FE /* Screen.swift in Sources */,
				557DAF1D27BA415500D9F0E5 /* PatternScreenExamples.swift in Sources */,
				55AA28CE27A7F472003778FE /* Tabs.swift in Sources */,
				55DDC62C27A8D81D00B2AB4A /* Example.swift in Sources */,
				557DAF2327BA4AE600D9F0E5 /* PatternScreenActions.swift in Sources */,
				55FD23CB27BA17C7008F65E1 /* PatternScreenExample.swift in Sources */,
				55F2783927AD7C1C001400D7 /* PatternScreen.swift in Sources */,
				55FD23CF27BA1E20008F65E1 /* NumericScreenContext.swift in Sources */,
				557DAF2127BA493200D9F0E5 /* Action.swift in Sources */,
				55FD23C727BA0335008F65E1 /* PatternScreenContext.swift in Sources */,
				5507BD1427AD620900F5292D /* Segments.swift in Sources */,
				55F2783A27AD7C1C001400D7 /* NumericScreen.swift in Sources */,
				55FD23CD27BA1A4B008F65E1 /* PatternScreenVisibility.swift in Sources */,
				55781F3127AD4500003D4252 /* Storage.swift in Sources */,
				55FD23C927BA1191008F65E1 /* Source.swift in Sources */,
				55FD23D327BA232F008F65E1 /* NumericScreenExample.swift in Sources */,
				5589A1A427A7E3E30000F04A /* App.swift in Sources */,
				55781F2D27AD39B0003D4252 /* Scroller.swift in Sources */,
				55FD23D527BA28B8008F65E1 /* NumericScreenExamples.swift in Sources */,
				55FD23D127BA2028008F65E1 /* NumericScreenSliders.swift in Sources */,
				5527C21327AA6C6A0098546E /* Interval.swift in Sources */,
				55E505C427AD4BA20047AF1D /* Bounds.swift in Sources */,
				55F2783C27AD7C39001400D7 /* NumericScreenWheels.swift in Sources */,
				5507BD1627AD66A800F5292D /* Wheel.swift in Sources */,
			);
			runOnlyForDeploymentPostprocessing = 0;
		};
/* End PBXSourcesBuildPhase section */

/* Begin XCBuildConfiguration section */
		5589A1AC27A7E3E40000F04A /* Debug */ = {
			isa = XCBuildConfiguration;
			buildSettings = {
				ALWAYS_SEARCH_USER_PATHS = NO;
				CLANG_ANALYZER_NONNULL = YES;
				CLANG_ANALYZER_NUMBER_OBJECT_CONVERSION = YES_AGGRESSIVE;
				CLANG_CXX_LANGUAGE_STANDARD = "gnu++17";
				CLANG_CXX_LIBRARY = "libc++";
				CLANG_ENABLE_MODULES = YES;
				CLANG_ENABLE_OBJC_ARC = YES;
				CLANG_ENABLE_OBJC_WEAK = YES;
				CLANG_WARN_BLOCK_CAPTURE_AUTORELEASING = YES;
				CLANG_WARN_BOOL_CONVERSION = YES;
				CLANG_WARN_COMMA = YES;
				CLANG_WARN_CONSTANT_CONVERSION = YES;
				CLANG_WARN_DEPRECATED_OBJC_IMPLEMENTATIONS = YES;
				CLANG_WARN_DIRECT_OBJC_ISA_USAGE = YES_ERROR;
				CLANG_WARN_DOCUMENTATION_COMMENTS = YES;
				CLANG_WARN_EMPTY_BODY = YES;
				CLANG_WARN_ENUM_CONVERSION = YES;
				CLANG_WARN_INFINITE_RECURSION = YES;
				CLANG_WARN_INT_CONVERSION = YES;
				CLANG_WARN_NON_LITERAL_NULL_CONVERSION = YES;
				CLANG_WARN_OBJC_IMPLICIT_RETAIN_SELF = YES;
				CLANG_WARN_OBJC_LITERAL_CONVERSION = YES;
				CLANG_WARN_OBJC_ROOT_CLASS = YES_ERROR;
				CLANG_WARN_QUOTED_INCLUDE_IN_FRAMEWORK_HEADER = YES;
				CLANG_WARN_RANGE_LOOP_ANALYSIS = YES;
				CLANG_WARN_STRICT_PROTOTYPES = YES;
				CLANG_WARN_SUSPICIOUS_MOVE = YES;
				CLANG_WARN_UNGUARDED_AVAILABILITY = YES_AGGRESSIVE;
				CLANG_WARN_UNREACHABLE_CODE = YES;
				CLANG_WARN__DUPLICATE_METHOD_MATCH = YES;
				COPY_PHASE_STRIP = NO;
				DEBUG_INFORMATION_FORMAT = dwarf;
				ENABLE_STRICT_OBJC_MSGSEND = YES;
				ENABLE_TESTABILITY = YES;
				GCC_C_LANGUAGE_STANDARD = gnu11;
				GCC_DYNAMIC_NO_PIC = NO;
				GCC_NO_COMMON_BLOCKS = YES;
				GCC_OPTIMIZATION_LEVEL = 0;
				GCC_PREPROCESSOR_DEFINITIONS = (
					"DEBUG=1",
					"$(inherited)",
				);
				GCC_WARN_64_TO_32_BIT_CONVERSION = YES;
				GCC_WARN_ABOUT_RETURN_TYPE = YES_ERROR;
				GCC_WARN_UNDECLARED_SELECTOR = YES;
				GCC_WARN_UNINITIALIZED_AUTOS = YES_AGGRESSIVE;
				GCC_WARN_UNUSED_FUNCTION = YES;
				GCC_WARN_UNUSED_VARIABLE = YES;
				IPHONEOS_DEPLOYMENT_TARGET = 15.2;
				MTL_ENABLE_DEBUG_INFO = INCLUDE_SOURCE;
				MTL_FAST_MATH = YES;
				ONLY_ACTIVE_ARCH = YES;
				SDKROOT = iphoneos;
				SWIFT_ACTIVE_COMPILATION_CONDITIONS = DEBUG;
				SWIFT_OPTIMIZATION_LEVEL = "-Onone";
			};
			name = Debug;
		};
		5589A1AD27A7E3E40000F04A /* Release */ = {
			isa = XCBuildConfiguration;
			buildSettings = {
				ALWAYS_SEARCH_USER_PATHS = NO;
				CLANG_ANALYZER_NONNULL = YES;
				CLANG_ANALYZER_NUMBER_OBJECT_CONVERSION = YES_AGGRESSIVE;
				CLANG_CXX_LANGUAGE_STANDARD = "gnu++17";
				CLANG_CXX_LIBRARY = "libc++";
				CLANG_ENABLE_MODULES = YES;
				CLANG_ENABLE_OBJC_ARC = YES;
				CLANG_ENABLE_OBJC_WEAK = YES;
				CLANG_WARN_BLOCK_CAPTURE_AUTORELEASING = YES;
				CLANG_WARN_BOOL_CONVERSION = YES;
				CLANG_WARN_COMMA = YES;
				CLANG_WARN_CONSTANT_CONVERSION = YES;
				CLANG_WARN_DEPRECATED_OBJC_IMPLEMENTATIONS = YES;
				CLANG_WARN_DIRECT_OBJC_ISA_USAGE = YES_ERROR;
				CLANG_WARN_DOCUMENTATION_COMMENTS = YES;
				CLANG_WARN_EMPTY_BODY = YES;
				CLANG_WARN_ENUM_CONVERSION = YES;
				CLANG_WARN_INFINITE_RECURSION = YES;
				CLANG_WARN_INT_CONVERSION = YES;
				CLANG_WARN_NON_LITERAL_NULL_CONVERSION = YES;
				CLANG_WARN_OBJC_IMPLICIT_RETAIN_SELF = YES;
				CLANG_WARN_OBJC_LITERAL_CONVERSION = YES;
				CLANG_WARN_OBJC_ROOT_CLASS = YES_ERROR;
				CLANG_WARN_QUOTED_INCLUDE_IN_FRAMEWORK_HEADER = YES;
				CLANG_WARN_RANGE_LOOP_ANALYSIS = YES;
				CLANG_WARN_STRICT_PROTOTYPES = YES;
				CLANG_WARN_SUSPICIOUS_MOVE = YES;
				CLANG_WARN_UNGUARDED_AVAILABILITY = YES_AGGRESSIVE;
				CLANG_WARN_UNREACHABLE_CODE = YES;
				CLANG_WARN__DUPLICATE_METHOD_MATCH = YES;
				COPY_PHASE_STRIP = NO;
				DEBUG_INFORMATION_FORMAT = "dwarf-with-dsym";
				ENABLE_NS_ASSERTIONS = NO;
				ENABLE_STRICT_OBJC_MSGSEND = YES;
				GCC_C_LANGUAGE_STANDARD = gnu11;
				GCC_NO_COMMON_BLOCKS = YES;
				GCC_WARN_64_TO_32_BIT_CONVERSION = YES;
				GCC_WARN_ABOUT_RETURN_TYPE = YES_ERROR;
				GCC_WARN_UNDECLARED_SELECTOR = YES;
				GCC_WARN_UNINITIALIZED_AUTOS = YES_AGGRESSIVE;
				GCC_WARN_UNUSED_FUNCTION = YES;
				GCC_WARN_UNUSED_VARIABLE = YES;
				IPHONEOS_DEPLOYMENT_TARGET = 15.2;
				MTL_ENABLE_DEBUG_INFO = NO;
				MTL_FAST_MATH = YES;
				SDKROOT = iphoneos;
				SWIFT_COMPILATION_MODE = wholemodule;
				SWIFT_OPTIMIZATION_LEVEL = "-O";
				VALIDATE_PRODUCT = YES;
			};
			name = Release;
		};
		5589A1AF27A7E3E40000F04A /* Debug */ = {
			isa = XCBuildConfiguration;
			buildSettings = {
				ASSETCATALOG_COMPILER_APPICON_NAME = AppIcon;
				ASSETCATALOG_COMPILER_GLOBAL_ACCENT_COLOR_NAME = AccentColor;
				CODE_SIGN_STYLE = Automatic;
				CURRENT_PROJECT_VERSION = 1;
				DEVELOPMENT_ASSET_PATHS = "\"App/Assets/Preview Content\"";
				DEVELOPMENT_TEAM = 2MJ84G7XD6;
				ENABLE_PREVIEWS = YES;
				GENERATE_INFOPLIST_FILE = YES;
				INFOPLIST_KEY_UIApplicationSceneManifest_Generation = YES;
				INFOPLIST_KEY_UIApplicationSupportsIndirectInputEvents = YES;
				INFOPLIST_KEY_UILaunchScreen_Generation = YES;
				INFOPLIST_KEY_UISupportedInterfaceOrientations_iPad = "UIInterfaceOrientationPortrait UIInterfaceOrientationPortraitUpsideDown UIInterfaceOrientationLandscapeLeft UIInterfaceOrientationLandscapeRight";
				INFOPLIST_KEY_UISupportedInterfaceOrientations_iPhone = "UIInterfaceOrientationPortrait UIInterfaceOrientationLandscapeLeft UIInterfaceOrientationLandscapeRight";
				LD_RUNPATH_SEARCH_PATHS = (
					"$(inherited)",
					"@executable_path/Frameworks",
				);
				MARKETING_VERSION = 1.0;
				PRODUCT_BUNDLE_IDENTIFIER = com.oscbyspro.iOS;
				PRODUCT_NAME = "$(TARGET_NAME)";
				SWIFT_EMIT_LOC_STRINGS = YES;
				SWIFT_VERSION = 5.0;
				TARGETED_DEVICE_FAMILY = "1,2";
			};
			name = Debug;
		};
		5589A1B027A7E3E40000F04A /* Release */ = {
			isa = XCBuildConfiguration;
			buildSettings = {
				ASSETCATALOG_COMPILER_APPICON_NAME = AppIcon;
				ASSETCATALOG_COMPILER_GLOBAL_ACCENT_COLOR_NAME = AccentColor;
				CODE_SIGN_STYLE = Automatic;
				CURRENT_PROJECT_VERSION = 1;
				DEVELOPMENT_ASSET_PATHS = "\"App/Assets/Preview Content\"";
				DEVELOPMENT_TEAM = 2MJ84G7XD6;
				ENABLE_PREVIEWS = YES;
				GENERATE_INFOPLIST_FILE = YES;
				INFOPLIST_KEY_UIApplicationSceneManifest_Generation = YES;
				INFOPLIST_KEY_UIApplicationSupportsIndirectInputEvents = YES;
				INFOPLIST_KEY_UILaunchScreen_Generation = YES;
				INFOPLIST_KEY_UISupportedInterfaceOrientations_iPad = "UIInterfaceOrientationPortrait UIInterfaceOrientationPortraitUpsideDown UIInterfaceOrientationLandscapeLeft UIInterfaceOrientationLandscapeRight";
				INFOPLIST_KEY_UISupportedInterfaceOrientations_iPhone = "UIInterfaceOrientationPortrait UIInterfaceOrientationLandscapeLeft UIInterfaceOrientationLandscapeRight";
				LD_RUNPATH_SEARCH_PATHS = (
					"$(inherited)",
					"@executable_path/Frameworks",
				);
				MARKETING_VERSION = 1.0;
				PRODUCT_BUNDLE_IDENTIFIER = com.oscbyspro.iOS;
				PRODUCT_NAME = "$(TARGET_NAME)";
				SWIFT_EMIT_LOC_STRINGS = YES;
				SWIFT_VERSION = 5.0;
				TARGETED_DEVICE_FAMILY = "1,2";
			};
			name = Release;
		};
/* End XCBuildConfiguration section */

/* Begin XCConfigurationList section */
		5589A19B27A7E3E30000F04A /* Build configuration list for PBXProject "iOS" */ = {
			isa = XCConfigurationList;
			buildConfigurations = (
				5589A1AC27A7E3E40000F04A /* Debug */,
				5589A1AD27A7E3E40000F04A /* Release */,
			);
			defaultConfigurationIsVisible = 0;
			defaultConfigurationName = Release;
		};
		5589A1AE27A7E3E40000F04A /* Build configuration list for PBXNativeTarget "iOS" */ = {
			isa = XCConfigurationList;
			buildConfigurations = (
				5589A1AF27A7E3E40000F04A /* Debug */,
				5589A1B027A7E3E40000F04A /* Release */,
			);
			defaultConfigurationIsVisible = 0;
			defaultConfigurationName = Release;
		};
/* End XCConfigurationList section */

/* Begin XCSwiftPackageProductDependency section */
		557F7FBA27A81171001908D6 /* DiffableTextViews */ = {
			isa = XCSwiftPackageProductDependency;
			productName = DiffableTextViews;
		};
		55FBD48927C3E6010080F43E /* Sliders */ = {
			isa = XCSwiftPackageProductDependency;
			productName = Sliders;
		};
/* End XCSwiftPackageProductDependency section */
	};
	rootObject = 5589A19827A7E3E30000F04A /* Project object */;
}
